// !$*UTF8*$!
{
	archiveVersion = 1;
	classes = {
	};
	objectVersion = 48;
	objects = {

/* Begin PBXBuildFile section */
		B79FBBCC1FBB7198009EA92C /* AppDelegate.swift in Sources */ = {isa = PBXBuildFile; fileRef = B79FBBCB1FBB7198009EA92C /* AppDelegate.swift */; };
		B79FBBCE1FBB7198009EA92C /* ViewController.swift in Sources */ = {isa = PBXBuildFile; fileRef = B79FBBCD1FBB7198009EA92C /* ViewController.swift */; };
		B79FBBD11FBB7198009EA92C /* Main.storyboard in Resources */ = {isa = PBXBuildFile; fileRef = B79FBBCF1FBB7198009EA92C /* Main.storyboard */; };
		B79FBBD31FBB7198009EA92C /* Assets.xcassets in Resources */ = {isa = PBXBuildFile; fileRef = B79FBBD21FBB7198009EA92C /* Assets.xcassets */; };
		B79FBBD61FBB7198009EA92C /* LaunchScreen.storyboard in Resources */ = {isa = PBXBuildFile; fileRef = B79FBBD41FBB7198009EA92C /* LaunchScreen.storyboard */; };
/* End PBXBuildFile section */

/* Begin PBXFileReference section */
		B79FBBC81FBB7198009EA92C /* ARProjectTestCase.app */ = {isa = PBXFileReference; explicitFileType = wrapper.application; includeInIndex = 0; path = ARProjectTestCase.app; sourceTree = BUILT_PRODUCTS_DIR; };
		B79FBBCB1FBB7198009EA92C /* AppDelegate.swift */ = {isa = PBXFileReference; lastKnownFileType = sourcecode.swift; path = AppDelegate.swift; sourceTree = "<group>"; };
		B79FBBCD1FBB7198009EA92C /* ViewController.swift */ = {isa = PBXFileReference; lastKnownFileType = sourcecode.swift; path = ViewController.swift; sourceTree = "<group>"; };
		B79FBBD01FBB7198009EA92C /* Base */ = {isa = PBXFileReference; lastKnownFileType = file.storyboard; name = Base; path = Base.lproj/Main.storyboard; sourceTree = "<group>"; };
		B79FBBD21FBB7198009EA92C /* Assets.xcassets */ = {isa = PBXFileReference; lastKnownFileType = folder.assetcatalog; path = Assets.xcassets; sourceTree = "<group>"; };
		B79FBBD51FBB7198009EA92C /* Base */ = {isa = PBXFileReference; lastKnownFileType = file.storyboard; name = Base; path = Base.lproj/LaunchScreen.storyboard; sourceTree = "<group>"; };
		B79FBBD71FBB7198009EA92C /* Info.plist */ = {isa = PBXFileReference; lastKnownFileType = text.plist.xml; path = Info.plist; sourceTree = "<group>"; };
/* End PBXFileReference section */

/* Begin PBXFrameworksBuildPhase section */
		B79FBBC51FBB7198009EA92C /* Frameworks */ = {
			isa = PBXFrameworksBuildPhase;
			buildActionMask = 2147483647;
			files = (
			);
			runOnlyForDeploymentPostprocessing = 0;
		};
/* End PBXFrameworksBuildPhase section */

/* Begin PBXGroup section */
		B79FBBBF1FBB7197009EA92C = {
			isa = PBXGroup;
			children = (
				B79FBBCA1FBB7198009EA92C /* ARProjectTestCase */,
				B79FBBC91FBB7198009EA92C /* Products */,
			);
			sourceTree = "<group>";
		};
		B79FBBC91FBB7198009EA92C /* Products */ = {
			isa = PBXGroup;
			children = (
				B79FBBC81FBB7198009EA92C /* ARProjectTestCase.app */,
			);
			name = Products;
			sourceTree = "<group>";
		};
		B79FBBCA1FBB7198009EA92C /* ARProjectTestCase */ = {
			isa = PBXGroup;
			children = (
				B79FBBCB1FBB7198009EA92C /* AppDelegate.swift */,
				B79FBBCD1FBB7198009EA92C /* ViewController.swift */,
				B79FBBCF1FBB7198009EA92C /* Main.storyboard */,
				B79FBBD21FBB7198009EA92C /* Assets.xcassets */,
				B79FBBD41FBB7198009EA92C /* LaunchScreen.storyboard */,
				B79FBBD71FBB7198009EA92C /* Info.plist */,
			);
			path = ARProjectTestCase;
			sourceTree = "<group>";
		};
/* End PBXGroup section */

/* Begin PBXNativeTarget section */
		B79FBBC71FBB7198009EA92C /* ARProjectTestCase */ = {
			isa = PBXNativeTarget;
			buildConfigurationList = B79FBBDA1FBB7198009EA92C /* Build configuration list for PBXNativeTarget "ARProjectTestCase" */;
			buildPhases = (
				B79FBBC41FBB7198009EA92C /* Sources */,
				B79FBBC51FBB7198009EA92C /* Frameworks */,
				B79FBBC61FBB7198009EA92C /* Resources */,
			);
			buildRules = (
			);
			dependencies = (
			);
			name = ARProjectTestCase;
			productName = ARProjectTestCase;
			productReference = B79FBBC81FBB7198009EA92C /* ARProjectTestCase.app */;
			productType = "com.apple.product-type.application";
		};
/* End PBXNativeTarget section */

/* Begin PBXProject section */
		B79FBBC01FBB7197009EA92C /* Project object */ = {
			isa = PBXProject;
			attributes = {
				LastSwiftUpdateCheck = 0910;
				LastUpgradeCheck = 0910;
				ORGANIZATIONNAME = "Daniel Suskevic";
				TargetAttributes = {
					B79FBBC71FBB7198009EA92C = {
						CreatedOnToolsVersion = 9.1;
						ProvisioningStyle = Automatic;
					};
				};
			};
			buildConfigurationList = B79FBBC31FBB7197009EA92C /* Build configuration list for PBXProject "ARProjectTestCase" */;
			compatibilityVersion = "Xcode 8.0";
			developmentRegion = en;
			hasScannedForEncodings = 0;
			knownRegions = (
				en,
				Base,
			);
			mainGroup = B79FBBBF1FBB7197009EA92C;
			productRefGroup = B79FBBC91FBB7198009EA92C /* Products */;
			projectDirPath = "";
			projectRoot = "";
			targets = (
				B79FBBC71FBB7198009EA92C /* ARProjectTestCase */,
			);
		};
/* End PBXProject section */

/* Begin PBXResourcesBuildPhase section */
		B79FBBC61FBB7198009EA92C /* Resources */ = {
			isa = PBXResourcesBuildPhase;
			buildActionMask = 2147483647;
			files = (
				B79FBBD61FBB7198009EA92C /* LaunchScreen.storyboard in Resources */,
				B79FBBD31FBB7198009EA92C /* Assets.xcassets in Resources */,
				B79FBBD11FBB7198009EA92C /* Main.storyboard in Resources */,
			);
			runOnlyForDeploymentPostprocessing = 0;
		};
/* End PBXResourcesBuildPhase section */

/* Begin PBXSourcesBuildPhase section */
		B79FBBC41FBB7198009EA92C /* Sources */ = {
			isa = PBXSourcesBuildPhase;
			buildActionMask = 2147483647;
			files = (
				B79FBBCE1FBB7198009EA92C /* ViewController.swift in Sources */,
				B79FBBCC1FBB7198009EA92C /* AppDelegate.swift in Sources */,
			);
			runOnlyForDeploymentPostprocessing = 0;
		};
/* End PBXSourcesBuildPhase section */

/* Begin PBXVariantGroup section */
		B79FBBCF1FBB7198009EA92C /* Main.storyboard */ = {
			isa = PBXVariantGroup;
			children = (
				B79FBBD01FBB7198009EA92C /* Base */,
			);
			name = Main.storyboard;
			sourceTree = "<group>";
		};
		B79FBBD41FBB7198009EA92C /* LaunchScreen.storyboard */ = {
			isa = PBXVariantGroup;
			children = (
				B79FBBD51FBB7198009EA92C /* Base */,
			);
			name = LaunchScreen.storyboard;
			sourceTree = "<group>";
		};
/* End PBXVariantGroup section */

/* Begin XCBuildConfiguration section */
		B79FBBD81FBB7198009EA92C /* Debug */ = {
			isa = XCBuildConfiguration;
			buildSettings = {
				ALWAYS_SEARCH_USER_PATHS = NO;
				CLANG_ANALYZER_NONNULL = YES;
				CLANG_ANALYZER_NUMBER_OBJECT_CONVERSION = YES_AGGRESSIVE;
				CLANG_CXX_LANGUAGE_STANDARD = "gnu++14";
				CLANG_CXX_LIBRARY = "libc++";
				CLANG_ENABLE_MODULES = YES;
				CLANG_ENABLE_OBJC_ARC = YES;
				CLANG_WARN_BLOCK_CAPTURE_AUTORELEASING = YES;
				CLANG_WARN_BOOL_CONVERSION = YES;
				CLANG_WARN_COMMA = YES;
				CLANG_WARN_CONSTANT_CONVERSION = YES;
				CLANG_WARN_DIRECT_OBJC_ISA_USAGE = YES_ERROR;
				CLANG_WARN_DOCUMENTATION_COMMENTS = YES;
				CLANG_WARN_EMPTY_BODY = YES;
				CLANG_WARN_ENUM_CONVERSION = YES;
				CLANG_WARN_INFINITE_RECURSION = YES;
				CLANG_WARN_INT_CONVERSION = YES;
				CLANG_WARN_NON_LITERAL_NULL_CONVERSION = YES;
				CLANG_WARN_OBJC_LITERAL_CONVERSION = YES;
				CLANG_WARN_OBJC_ROOT_CLASS = YES_ERROR;
				CLANG_WARN_RANGE_LOOP_ANALYSIS = YES;
				CLANG_WARN_STRICT_PROTOTYPES = YES;
				CLANG_WARN_SUSPICIOUS_MOVE = YES;
				CLANG_WARN_UNGUARDED_AVAILABILITY = YES_AGGRESSIVE;
				CLANG_WARN_UNREACHABLE_CODE = YES;
				CLANG_WARN__DUPLICATE_METHOD_MATCH = YES;
				CODE_SIGN_IDENTITY = "iPhone Developer";
				COPY_PHASE_STRIP = NO;
				DEBUG_INFORMATION_FORMAT = dwarf;
				ENABLE_STRICT_OBJC_MSGSEND = YES;
				ENABLE_TESTABILITY = YES;
				GCC_C_LANGUAGE_STANDARD = gnu11;
				GCC_DYNAMIC_NO_PIC = NO;
				GCC_NO_COMMON_BLOCKS = YES;
				GCC_OPTIMIZATION_LEVEL = 0;
				GCC_PREPROCESSOR_DEFINITIONS = (
					"DEBUG=1",
					"$(inherited)",
				);
				GCC_WARN_64_TO_32_BIT_CONVERSION = YES;
				GCC_WARN_ABOUT_RETURN_TYPE = YES_ERROR;
				GCC_WARN_UNDECLARED_SELECTOR = YES;
				GCC_WARN_UNINITIALIZED_AUTOS = YES_AGGRESSIVE;
				GCC_WARN_UNUSED_FUNCTION = YES;
				GCC_WARN_UNUSED_VARIABLE = YES;
				IPHONEOS_DEPLOYMENT_TARGET = 11.1;
				MTL_ENABLE_DEBUG_INFO = YES;
				ONLY_ACTIVE_ARCH = YES;
				SDKROOT = iphoneos;
				SWIFT_ACTIVE_COMPILATION_CONDITIONS = DEBUG;
				SWIFT_OPTIMIZATION_LEVEL = "-Onone";
			};
			name = Debug;
		};
		B79FBBD91FBB7198009EA92C /* Release */ = {
			isa = XCBuildConfiguration;
			buildSettings = {
				ALWAYS_SEARCH_USER_PATHS = NO;
				CLANG_ANALYZER_NONNULL = YES;
				CLANG_ANALYZER_NUMBER_OBJECT_CONVERSION = YES_AGGRESSIVE;
				CLANG_CXX_LANGUAGE_STANDARD = "gnu++14";
				CLANG_CXX_LIBRARY = "libc++";
				CLANG_ENABLE_MODULES = YES;
				CLANG_ENABLE_OBJC_ARC = YES;
				CLANG_WARN_BLOCK_CAPTURE_AUTORELEASING = YES;
				CLANG_WARN_BOOL_CONVERSION = YES;
				CLANG_WARN_COMMA = YES;
				CLANG_WARN_CONSTANT_CONVERSION = YES;
				CLANG_WARN_DIRECT_OBJC_ISA_USAGE = YES_ERROR;
				CLANG_WARN_DOCUMENTATION_COMMENTS = YES;
				CLANG_WARN_EMPTY_BODY = YES;
				CLANG_WARN_ENUM_CONVERSION = YES;
				CLANG_WARN_INFINITE_RECURSION = YES;
				CLANG_WARN_INT_CONVERSION = YES;
				CLANG_WARN_NON_LITERAL_NULL_CONVERSION = YES;
				CLANG_WARN_OBJC_LITERAL_CONVERSION = YES;
				CLANG_WARN_OBJC_ROOT_CLASS = YES_ERROR;
				CLANG_WARN_RANGE_LOOP_ANALYSIS = YES;
				CLANG_WARN_STRICT_PROTOTYPES = YES;
				CLANG_WARN_SUSPICIOUS_MOVE = YES;
				CLANG_WARN_UNGUARDED_AVAILABILITY = YES_AGGRESSIVE;
				CLANG_WARN_UNREACHABLE_CODE = YES;
				CLANG_WARN__DUPLICATE_METHOD_MATCH = YES;
				CODE_SIGN_IDENTITY = "iPhone Developer";
				COPY_PHASE_STRIP = NO;
				DEBUG_INFORMATION_FORMAT = "dwarf-with-dsym";
				ENABLE_NS_ASSERTIONS = NO;
				ENABLE_STRICT_OBJC_MSGSEND = YES;
				GCC_C_LANGUAGE_STANDARD = gnu11;
				GCC_NO_COMMON_BLOCKS = YES;
				GCC_WARN_64_TO_32_BIT_CONVERSION = YES;
				GCC_WARN_ABOUT_RETURN_TYPE = YES_ERROR;
				GCC_WARN_UNDECLARED_SELECTOR = YES;
				GCC_WARN_UNINITIALIZED_AUTOS = YES_AGGRESSIVE;
				GCC_WARN_UNUSED_FUNCTION = YES;
				GCC_WARN_UNUSED_VARIABLE = YES;
				IPHONEOS_DEPLOYMENT_TARGET = 11.1;
				MTL_ENABLE_DEBUG_INFO = NO;
				SDKROOT = iphoneos;
				SWIFT_OPTIMIZATION_LEVEL = "-Owholemodule";
				VALIDATE_PRODUCT = YES;
			};
			name = Release;
		};
		B79FBBDB1FBB7198009EA92C /* Debug */ = {
			isa = XCBuildConfiguration;
			buildSettings = {
				ASSETCATALOG_COMPILER_APPICON_NAME = AppIcon;
				CODE_SIGN_STYLE = Automatic;
				INFOPLIST_FILE = ARProjectTestCase/Info.plist;
				LD_RUNPATH_SEARCH_PATHS = "$(inherited) @executable_path/Frameworks";
				PRODUCT_BUNDLE_IDENTIFIER = com.kalvia.ARProjectTestCase;
				PRODUCT_NAME = "$(TARGET_NAME)";
				SWIFT_VERSION = 4.0;
				TARGETED_DEVICE_FAMILY = "1,2";
			};
			name = Debug;
		};
		B79FBBDC1FBB7198009EA92C /* Release */ = {
			isa = XCBuildConfiguration;
			buildSettings = {
				ASSETCATALOG_COMPILER_APPICON_NAME = AppIcon;
				CODE_SIGN_STYLE = Automatic;
				INFOPLIST_FILE = ARProjectTestCase/Info.plist;
				LD_RUNPATH_SEARCH_PATHS = "$(inherited) @executable_path/Frameworks";
				PRODUCT_BUNDLE_IDENTIFIER = com.kalvia.ARProjectTestCase;
				PRODUCT_NAME = "$(TARGET_NAME)";
				SWIFT_VERSION = 4.0;
				TARGETED_DEVICE_FAMILY = "1,2";
			};
			name = Release;
		};
/* End XCBuildConfiguration section */

/* Begin XCConfigurationList section */
		B79FBBC31FBB7197009EA92C /* Build configuration list for PBXProject "ARProjectTestCase" */ = {
			isa = XCConfigurationList;
			buildConfigurations = (
				B79FBBD81FBB7198009EA92C /* Debug */,
				B79FBBD91FBB7198009EA92C /* Release */,
			);
			defaultConfigurationIsVisible = 0;
			defaultConfigurationName = Release;
		};
		B79FBBDA1FBB7198009EA92C /* Build configuration list for PBXNativeTarget "ARProjectTestCase" */ = {
			isa = XCConfigurationList;
			buildConfigurations = (
				B79FBBDB1FBB7198009EA92C /* Debug */,
				B79FBBDC1FBB7198009EA92C /* Release */,
			);
			defaultConfigurationIsVisible = 0;
			defaultConfigurationName = Release;
		};
/* End XCConfigurationList section */
	};
	rootObject = B79FBBC01FBB7197009EA92C /* Project object */;
}
